{
  "nodes": {
    "flake-utils": {
      "inputs": {
        "systems": "systems"
      },
      "locked": {
        "lastModified": 1694529238,
        "narHash": "sha256-zsNZZGTGnMOf9YpHKJqMSsa0dXbfmxeoJ7xHlrt+xmY=",
        "owner": "numtide",
        "repo": "flake-utils",
        "rev": "ff7b65b44d01cf9ba6a71320833626af21126384",
        "type": "github"
      },
      "original": {
        "owner": "numtide",
        "repo": "flake-utils",
        "type": "github"
      }
    },
    "flake-utils_2": {
      "inputs": {
        "systems": "systems_2"
      },
      "locked": {
        "lastModified": 1705309234,
        "narHash": "sha256-uNRRNRKmJyCRC/8y1RqBkqWBLM034y4qN7EprSdmgyA=",
        "owner": "numtide",
        "repo": "flake-utils",
        "rev": "1ef2e671c3b0c19053962c07dbda38332dcebf26",
        "type": "github"
      },
      "original": {
        "owner": "numtide",
        "repo": "flake-utils",
        "type": "github"
      }
    },
    "flake-utils_3": {
      "inputs": {
        "systems": "systems_3"
      },
      "locked": {
        "lastModified": 1694529238,
        "narHash": "sha256-zsNZZGTGnMOf9YpHKJqMSsa0dXbfmxeoJ7xHlrt+xmY=",
        "owner": "numtide",
        "repo": "flake-utils",
        "rev": "ff7b65b44d01cf9ba6a71320833626af21126384",
        "type": "github"
      },
      "original": {
        "owner": "numtide",
        "repo": "flake-utils",
        "type": "github"
      }
    },
    "gk-flasher": {
      "inputs": {
        "flake-utils": "flake-utils_2",
        "nixpkgs": [
          "nixpkgs-unstable"
        ],
        "poetry2nix": "poetry2nix"
      },
      "locked": {
        "lastModified": 1707253577,
        "narHash": "sha256-T0TRAa4+b/5qa1CxQ2Z5ccV99qVTMZgFiTTnL1SenTU=",
        "owner": "muvox-io",
        "repo": "gk-flasher",
        "rev": "d0fcbea9a5d05686dc896042dcc78e9fa0670394",
        "type": "github"
      },
      "original": {
        "owner": "muvox-io",
        "repo": "gk-flasher",
        "type": "github"
      }
    },
    "nix-github-actions": {
      "inputs": {
        "nixpkgs": [
          "gk-flasher",
          "poetry2nix",
          "nixpkgs"
        ]
      },
      "locked": {
        "lastModified": 1698974481,
        "narHash": "sha256-yPncV9Ohdz1zPZxYHQf47S8S0VrnhV7nNhCawY46hDA=",
        "owner": "nix-community",
        "repo": "nix-github-actions",
        "rev": "4bb5e752616262457bc7ca5882192a564c0472d2",
        "type": "github"
      },
      "original": {
        "owner": "nix-community",
        "repo": "nix-github-actions",
        "type": "github"
      }
    },
    "nixpkgs": {
      "locked": {
        "lastModified": 1696697597,
        "narHash": "sha256-q26Qv4DQ+h6IeozF2o1secyQG0jt2VUT3V0K58jr3pg=",
        "owner": "NixOS",
        "repo": "nixpkgs",
        "rev": "5a237aecb57296f67276ac9ab296a41c23981f56",
        "type": "github"
      },
      "original": {
        "id": "nixpkgs",
        "ref": "nixos-23.05",
        "type": "indirect"
      }
    },
    "nixpkgs-unstable": {
      "locked": {
        "lastModified": 1696725822,
        "narHash": "sha256-B7uAOS7TkLlOg1aX01rQlYbydcyB6ZnLJSfaYbKVww8=",
        "owner": "nixos",
        "repo": "nixpkgs",
        "rev": "5aabb5780a11c500981993d49ee93cfa6df9307b",
        "type": "github"
      },
      "original": {
        "owner": "nixos",
        "ref": "nixpkgs-unstable",
        "repo": "nixpkgs",
        "type": "github"
      }
    },
    "poetry2nix": {
      "inputs": {
        "flake-utils": "flake-utils_3",
        "nix-github-actions": "nix-github-actions",
        "nixpkgs": [
          "gk-flasher",
          "nixpkgs"
        ],
        "systems": "systems_4",
        "treefmt-nix": "treefmt-nix"
      },
      "locked": {
        "lastModified": 1707195113,
        "narHash": "sha256-xPFxTMe4rKE/ZWLlOWv22qpGwpozpR+U1zhyf1040Zk=",
        "owner": "nix-community",
        "repo": "poetry2nix",
        "rev": "4eb2ac54029af42a001c9901194e9ce19cbd8a40",
        "type": "github"
      },
      "original": {
        "owner": "nix-community",
        "repo": "poetry2nix",
        "type": "github"
      }
    },
    "root": {
      "inputs": {
        "flake-utils": "flake-utils",
        "gk-flasher": "gk-flasher",
        "nixpkgs": "nixpkgs",
        "nixpkgs-unstable": "nixpkgs-unstable"
      }
    },
    "systems": {
      "locked": {
        "lastModified": 1681028828,
        "narHash": "sha256-Vy1rq5AaRuLzOxct8nz4T6wlgyUR7zLU309k9mBC768=",
        "owner": "nix-systems",
        "repo": "default",
        "rev": "da67096a3b9bf56a91d16901293e51ba5b49a27e",
        "type": "github"
      },
      "original": {
        "owner": "nix-systems",
        "repo": "default",
        "type": "github"
      }
    },
    "systems_2": {
      "locked": {
        "lastModified": 1681028828,
        "narHash": "sha256-Vy1rq5AaRuLzOxct8nz4T6wlgyUR7zLU309k9mBC768=",
        "owner": "nix-systems",
        "repo": "default",
        "rev": "da67096a3b9bf56a91d16901293e51ba5b49a27e",
        "type": "github"
      },
      "original": {
        "owner": "nix-systems",
        "repo": "default",
        "type": "github"
      }
    },
    "systems_3": {
      "locked": {
        "lastModified": 1681028828,
        "narHash": "sha256-Vy1rq5AaRuLzOxct8nz4T6wlgyUR7zLU309k9mBC768=",
        "owner": "nix-systems",
        "repo": "default",
        "rev": "da67096a3b9bf56a91d16901293e51ba5b49a27e",
        "type": "github"
      },
      "original": {
        "owner": "nix-systems",
        "repo": "default",
        "type": "github"
      }
    },
    "systems_4": {
      "locked": {
        "lastModified": 1681028828,
        "narHash": "sha256-Vy1rq5AaRuLzOxct8nz4T6wlgyUR7zLU309k9mBC768=",
        "owner": "nix-systems",
        "repo": "default",
        "rev": "da67096a3b9bf56a91d16901293e51ba5b49a27e",
        "type": "github"
      },
      "original": {
        "id": "systems",
        "type": "indirect"
      }
    },
    "treefmt-nix": {
      "inputs": {
        "nixpkgs": [
          "gk-flasher",
          "poetry2nix",
          "nixpkgs"
        ]
      },
      "locked": {
        "lastModified": 1699786194,
        "narHash": "sha256-3h3EH1FXQkIeAuzaWB+nK0XK54uSD46pp+dMD3gAcB4=",
        "owner": "numtide",
        "repo": "treefmt-nix",
        "rev": "e82f32aa7f06bbbd56d7b12186d555223dc399d1",
        "type": "github"
      },
      "original": {
        "owner": "numtide",
        "repo": "treefmt-nix",
        "type": "github"
      }
    }
  },
  "root": "root",
  "version": 7
}
